
Microsoft Visual Studio Solution File, Format Version 12.00
# Visual Studio Version 17
VisualStudioVersion = 17.13.35931.197 d17.13
MinimumVisualStudioVersion = 10.0.40219.1
Project("{FAE04EC0-301F-11D3-BF4B-00C04F79EFBC}") = "Commandos", "Commandos\Commandos.csproj", "{865B9C97-0AAC-45BA-A42C-B8151F1BA584}"
EndProject
Global
	GlobalSection(SolutionConfigurationPlatforms) = preSolution
		Debug|Any CPU = Debug|Any CPU
		Release|Any CPU = Release|Any CPU
	EndGlobalSection
	GlobalSection(ProjectConfigurationPlatforms) = postSolution
		{865B9C97-0AAC-45BA-A42C-B8151F1BA584}.Debug|Any CPU.ActiveCfg = Debug|Any CPU
		{865B9C97-0AAC-45BA-A42C-B8151F1BA584}.Debug|Any CPU.Build.0 = Debug|Any CPU
		{865B9C97-0AAC-45BA-A42C-B8151F1BA584}.Release|Any CPU.ActiveCfg = Release|Any CPU
		{865B9C97-0AAC-45BA-A42C-B8151F1BA584}.Release|Any CPU.Build.0 = Release|Any CPU
	EndGlobalSection
	GlobalSection(SolutionProperties) = preSolution
		HideSolutionNode = FALSE
	EndGlobalSection
	GlobalSection(ExtensibilityGlobals) = postSolution
		SolutionGuid = {D85D1F88-5D9E-45C8-AABA-5917FCB13E64}
	EndGlobalSection
EndGlobal
